dependencies:
  ws: 7.4.4
lockfileVersion: 5.2
packages:
  /ws/7.4.4:
    dev: false
    engines:
      node: '>=8.3.0'
    peerDependencies:
      bufferutil: ^4.0.1
      utf-8-validate: ^5.0.2
    peerDependenciesMeta:
      bufferutil:
        optional: true
      utf-8-validate:
        optional: true
    resolution:
      integrity: sha512-Qm8k8ojNQIMx7S+Zp8u/uHOx7Qazv3Yv4q68MiWWWOJhiwG5W3x7iqmRtJo8xxrciZUY4vRxUTJCKuRnF28ZZw==
specifiers:
  ws: ^7.4.4
